schema: '2.0'
stages:
  build_features:
    cmd: python src/features/build_features.py /data/raw/
    deps:
    - path: data/raw/Exam_Score_Prediction.csv
      hash: md5
      md5: f03beccfbc4707fdd1cfadb35973c76c
      size: 1432918
    - path: src/features/build_features.py
      hash: md5
      md5: 1d018b4b4b4d102c49e19bab2a0829ff
      size: 908
  make_data:
    cmd: python src/data/make_dataset.py /data/raw/
    deps:
    - path: data/raw1
      hash: md5
      md5: 0ec906ac48f00ab129dccf6160fae8bb.dir
      size: 6703669
      nfiles: 5
    - path: src/data/make_dataset.py
      hash: md5
      md5: 3ec2b51d2250bc4e38786d121bb327d4
      size: 1568
    params:
      params.yaml:
        make_dataset.seed: 42
        make_dataset.test_split: 0.2
    outs:
    - path: data/processed
      hash: md5
      md5: 82774fa2070e9f257afc441fcd37dbf3.dir
      size: 2635574
      nfiles: 2
  train_model:
    cmd: python src/models/train_model.py /data/processed/
    deps:
    - path: data/processed
      hash: md5
      md5: 82774fa2070e9f257afc441fcd37dbf3.dir
      size: 2635574
      nfiles: 2
    - path: src/models/train_model.py
      hash: md5
      md5: c19d33538b68b6e7e4b8b65a1f2b1e6a
      size: 1235
    params:
      params.yaml:
        train_model.gamma: auto
        train_model.kernel: linear
        train_model.target: exam_score
    outs:
    - path: models
      hash: md5
      md5: 2b113bf3833382244bd00334d190f5ed.dir
      size: 3111681
      nfiles: 1
  predict_model:
    cmd: python src/models/predict_model.py /data/processed/
    deps:
    - path: data/processed
      hash: md5
      md5: 82774fa2070e9f257afc441fcd37dbf3.dir
      size: 2635574
      nfiles: 2
    - path: src/models/predict_model.py
      hash: md5
      md5: 857e2da4dcc04343d6a5a6a52b568819
      size: 1366
    params:
      params.yaml:
        train_model.target: exam_score
