schema: '2.0'
stages:
  build_features:
    cmd: python src/features/build_features.py
    deps:
    - path: src/features/build_features.py
      hash: md5
      md5: bfb4684da81bbaacd6ab1e188985cc14
      size: 1159
  make_data:
    cmd: python src/data/make_dataset.py /data/raw/
    deps:
    - path: data/raw
      hash: md5
      md5: 5d78cf6cf08d9b46e57e7e951322252b.dir
      size: 7507873
      nfiles: 5
    - path: src/data/make_dataset.py
      hash: md5
      md5: 6944c3c84d063034dfc89a1a9186a361
      size: 1597
    params:
      params.yaml:
        make_dataset.seed: 42
        make_dataset.test_split: 0.2
    outs:
    - path: data/processed
      hash: md5
      md5: ae02a3e82ca490e0fc924dc5b1a8e1a0.dir
      size: 3439910
      nfiles: 2
  train_model:
    cmd: python src/models/train_model.py /data/processed/
    deps:
    - path: data/processed
      hash: md5
      md5: ae02a3e82ca490e0fc924dc5b1a8e1a0.dir
      size: 3439910
      nfiles: 2
    - path: src/models/train_model.py
      hash: md5
      md5: 157fd47db93f7f6bfad56d28ba4d883a
      size: 1183
    params:
      params.yaml:
        train_model.gamma: auto
        train_model.kernel: linear
        train_model.target: exam_score
    outs:
    - path: models
      hash: md5
      md5: 3bd85bf3d39a5ad1d04e3b6dce4b7ec2.dir
      size: 4126111
      nfiles: 2
  predict_model:
    cmd: python src/models/predict_model.py /data/processed/
    deps:
    - path: data/processed
      hash: md5
      md5: ae02a3e82ca490e0fc924dc5b1a8e1a0.dir
      size: 3439910
      nfiles: 2
    - path: src/models/predict_model.py
      hash: md5
      md5: 864878dd6e8cb34ffe658749a8d84454
      size: 1352
    params:
      params.yaml:
        train_model.target: exam_score
